
Microsoft Visual Studio Solution File, Format Version 12.00
# Visual Studio Version 16
VisualStudioVersion = 16.0.31105.61
MinimumVisualStudioVersion = 10.0.40219.1
Project("{FAE04EC0-301F-11D3-BF4B-00C04F79EFBC}") = "TallerTresModEmpleados", "TallerTresModEmpleados.csproj", "{3F07439F-F344-46B7-811B-8D727148887C}"
EndProject
Global
	GlobalSection(SolutionConfigurationPlatforms) = preSolution
		Debug|Any CPU = Debug|Any CPU
		Release|Any CPU = Release|Any CPU
	EndGlobalSection
	GlobalSection(ProjectConfigurationPlatforms) = postSolution
		{3F07439F-F344-46B7-811B-8D727148887C}.Debug|Any CPU.ActiveCfg = Debug|Any CPU
		{3F07439F-F344-46B7-811B-8D727148887C}.Debug|Any CPU.Build.0 = Debug|Any CPU
		{3F07439F-F344-46B7-811B-8D727148887C}.Release|Any CPU.ActiveCfg = Release|Any CPU
		{3F07439F-F344-46B7-811B-8D727148887C}.Release|Any CPU.Build.0 = Release|Any CPU
	EndGlobalSection
	GlobalSection(SolutionProperties) = preSolution
		HideSolutionNode = FALSE
	EndGlobalSection
	GlobalSection(ExtensibilityGlobals) = postSolution
		SolutionGuid = {6309C723-9787-4592-B828-3E0B565BDC88}
	EndGlobalSection
EndGlobal
